
Microsoft Visual Studio Solution File, Format Version 12.00
# Visual Studio Version 17
VisualStudioVersion = 17.8.34525.116
MinimumVisualStudioVersion = 10.0.40219.1
Project("{9A19103F-16F7-4668-BE54-9A1E7A4F7556}") = "CsvToBrackets", "CsvToBrackets\CsvToBrackets.csproj", "{89EE2ADB-CF6D-4D21-B55A-32AACFD73DC6}"
EndProject
Project("{FAE04EC0-301F-11D3-BF4B-00C04F79EFBC}") = "CsvToBracketsTests", "CsvToBracketsTests\CsvToBracketsTests.csproj", "{D52458FA-256A-4A8F-902F-12CC1BEEB177}"
EndProject
Global
	GlobalSection(SolutionConfigurationPlatforms) = preSolution
		Debug|Any CPU = Debug|Any CPU
		Release|Any CPU = Release|Any CPU
	EndGlobalSection
	GlobalSection(ProjectConfigurationPlatforms) = postSolution
		{89EE2ADB-CF6D-4D21-B55A-32AACFD73DC6}.Debug|Any CPU.ActiveCfg = Debug|Any CPU
		{89EE2ADB-CF6D-4D21-B55A-32AACFD73DC6}.Debug|Any CPU.Build.0 = Debug|Any CPU
		{89EE2ADB-CF6D-4D21-B55A-32AACFD73DC6}.Release|Any CPU.ActiveCfg = Release|Any CPU
		{89EE2ADB-CF6D-4D21-B55A-32AACFD73DC6}.Release|Any CPU.Build.0 = Release|Any CPU
		{D52458FA-256A-4A8F-902F-12CC1BEEB177}.Debug|Any CPU.ActiveCfg = Debug|Any CPU
		{D52458FA-256A-4A8F-902F-12CC1BEEB177}.Debug|Any CPU.Build.0 = Debug|Any CPU
		{D52458FA-256A-4A8F-902F-12CC1BEEB177}.Release|Any CPU.ActiveCfg = Release|Any CPU
		{D52458FA-256A-4A8F-902F-12CC1BEEB177}.Release|Any CPU.Build.0 = Release|Any CPU
	EndGlobalSection
	GlobalSection(SolutionProperties) = preSolution
		HideSolutionNode = FALSE
	EndGlobalSection
	GlobalSection(ExtensibilityGlobals) = postSolution
		SolutionGuid = {F986E4CE-AD31-43E5-AF2B-957A7F4EDDC6}
	EndGlobalSection
EndGlobal
